// !$*UTF8*$!
{
	archiveVersion = 1;
	classes = {
	};
	objectVersion = 50;
	objects = {

/* Begin PBXBuildFile section */
		03C7458C203B9A27005B7DAA /* Images.xcassets in Resources */ = {isa = PBXBuildFile; fileRef = 03C7458B203B9A27005B7DAA /* Images.xcassets */; };
		03F40A42203D44E80034C801 /* IJProgressView.swift in Sources */ = {isa = PBXBuildFile; fileRef = 03F40A41203D44E80034C801 /* IJProgressView.swift */; };
		03F5EC892037CC5400DC4255 /* AppDelegate.swift in Sources */ = {isa = PBXBuildFile; fileRef = 03F5EC882037CC5400DC4255 /* AppDelegate.swift */; };
		03F5EC8B2037CC5400DC4255 /* FirstViewController.swift in Sources */ = {isa = PBXBuildFile; fileRef = 03F5EC8A2037CC5400DC4255 /* FirstViewController.swift */; };
		03F5EC8D2037CC5400DC4255 /* SecondViewController.swift in Sources */ = {isa = PBXBuildFile; fileRef = 03F5EC8C2037CC5400DC4255 /* SecondViewController.swift */; };
		03F5EC902037CC5400DC4255 /* Main.storyboard in Resources */ = {isa = PBXBuildFile; fileRef = 03F5EC8E2037CC5400DC4255 /* Main.storyboard */; };
		03F5EC922037CC5500DC4255 /* Assets.xcassets in Resources */ = {isa = PBXBuildFile; fileRef = 03F5EC912037CC5500DC4255 /* Assets.xcassets */; };
		03F5EC952037CC5500DC4255 /* LaunchScreen2.storyboard in Resources */ = {isa = PBXBuildFile; fileRef = 03F5EC932037CC5500DC4255 /* LaunchScreen2.storyboard */; };
		03F5ECA02037CC5500DC4255 /* DEXTERTests.swift in Sources */ = {isa = PBXBuildFile; fileRef = 03F5EC9F2037CC5500DC4255 /* DEXTERTests.swift */; };
		03F5ECAB2037CC5500DC4255 /* DEXTERUITests.swift in Sources */ = {isa = PBXBuildFile; fileRef = 03F5ECAA2037CC5500DC4255 /* DEXTERUITests.swift */; };
		03F5ECD32037E91D00DC4255 /* SearchFooter.swift in Sources */ = {isa = PBXBuildFile; fileRef = 03F5ECD22037E91D00DC4255 /* SearchFooter.swift */; };
		03F5ECD52037E95500DC4255 /* Theme.swift in Sources */ = {isa = PBXBuildFile; fileRef = 03F5ECD42037E95500DC4255 /* Theme.swift */; };
		03F5ECDF20386FAC00DC4255 /* MasterViewController.swift in Sources */ = {isa = PBXBuildFile; fileRef = 03F5ECDC20386FAB00DC4255 /* MasterViewController.swift */; };
		03F5ECE020386FAC00DC4255 /* Pokemon.swift in Sources */ = {isa = PBXBuildFile; fileRef = 03F5ECDD20386FAC00DC4255 /* Pokemon.swift */; };
		03F5ECE120386FAC00DC4255 /* DetailViewController.swift in Sources */ = {isa = PBXBuildFile; fileRef = 03F5ECDE20386FAC00DC4255 /* DetailViewController.swift */; };
		03F5ECEA2038BC1700DC4255 /* ThirdViewController.swift in Sources */ = {isa = PBXBuildFile; fileRef = 03F5ECE92038BC1700DC4255 /* ThirdViewController.swift */; };
		A8C2F3B7FD5BE1766CC68C0A /* Pods_DEXTER.framework in Frameworks */ = {isa = PBXBuildFile; fileRef = 79CD8D2409C51A8511784591 /* Pods_DEXTER.framework */; };
/* End PBXBuildFile section */

/* Begin PBXContainerItemProxy section */
		03F5EC9C2037CC5500DC4255 /* PBXContainerItemProxy */ = {
			isa = PBXContainerItemProxy;
			containerPortal = 03F5EC7D2037CC5400DC4255 /* Project object */;
			proxyType = 1;
			remoteGlobalIDString = 03F5EC842037CC5400DC4255;
			remoteInfo = DEXTER;
		};
		03F5ECA72037CC5500DC4255 /* PBXContainerItemProxy */ = {
			isa = PBXContainerItemProxy;
			containerPortal = 03F5EC7D2037CC5400DC4255 /* Project object */;
			proxyType = 1;
			remoteGlobalIDString = 03F5EC842037CC5400DC4255;
			remoteInfo = DEXTER;
		};
/* End PBXContainerItemProxy section */

/* Begin PBXFileReference section */
		03C7458B203B9A27005B7DAA /* Images.xcassets */ = {isa = PBXFileReference; lastKnownFileType = folder.assetcatalog; path = Images.xcassets; sourceTree = "<group>"; };
		03F40A41203D44E80034C801 /* IJProgressView.swift */ = {isa = PBXFileReference; lastKnownFileType = sourcecode.swift; path = IJProgressView.swift; sourceTree = "<group>"; };
		03F5EC852037CC5400DC4255 /* DEXTER.app */ = {isa = PBXFileReference; explicitFileType = wrapper.application; includeInIndex = 0; path = DEXTER.app; sourceTree = BUILT_PRODUCTS_DIR; };
		03F5EC882037CC5400DC4255 /* AppDelegate.swift */ = {isa = PBXFileReference; lastKnownFileType = sourcecode.swift; path = AppDelegate.swift; sourceTree = "<group>"; };
		03F5EC8A2037CC5400DC4255 /* FirstViewController.swift */ = {isa = PBXFileReference; lastKnownFileType = sourcecode.swift; path = FirstViewController.swift; sourceTree = "<group>"; };
		03F5EC8C2037CC5400DC4255 /* SecondViewController.swift */ = {isa = PBXFileReference; lastKnownFileType = sourcecode.swift; path = SecondViewController.swift; sourceTree = "<group>"; };
		03F5EC8F2037CC5400DC4255 /* Base */ = {isa = PBXFileReference; lastKnownFileType = file.storyboard; name = Base; path = Base.lproj/Main.storyboard; sourceTree = "<group>"; };
		03F5EC912037CC5500DC4255 /* Assets.xcassets */ = {isa = PBXFileReference; lastKnownFileType = folder.assetcatalog; path = Assets.xcassets; sourceTree = "<group>"; };
		03F5EC942037CC5500DC4255 /* Base */ = {isa = PBXFileReference; lastKnownFileType = file.storyboard; name = Base; path = Base.lproj/LaunchScreen2.storyboard; sourceTree = "<group>"; };
		03F5EC962037CC5500DC4255 /* Info.plist */ = {isa = PBXFileReference; lastKnownFileType = text.plist.xml; path = Info.plist; sourceTree = "<group>"; };
		03F5EC9B2037CC5500DC4255 /* DEXTERTests.xctest */ = {isa = PBXFileReference; explicitFileType = wrapper.cfbundle; includeInIndex = 0; path = DEXTERTests.xctest; sourceTree = BUILT_PRODUCTS_DIR; };
		03F5EC9F2037CC5500DC4255 /* DEXTERTests.swift */ = {isa = PBXFileReference; lastKnownFileType = sourcecode.swift; path = DEXTERTests.swift; sourceTree = "<group>"; };
		03F5ECA12037CC5500DC4255 /* Info.plist */ = {isa = PBXFileReference; lastKnownFileType = text.plist.xml; path = Info.plist; sourceTree = "<group>"; };
		03F5ECA62037CC5500DC4255 /* DEXTERUITests.xctest */ = {isa = PBXFileReference; explicitFileType = wrapper.cfbundle; includeInIndex = 0; path = DEXTERUITests.xctest; sourceTree = BUILT_PRODUCTS_DIR; };
		03F5ECAA2037CC5500DC4255 /* DEXTERUITests.swift */ = {isa = PBXFileReference; lastKnownFileType = sourcecode.swift; path = DEXTERUITests.swift; sourceTree = "<group>"; };
		03F5ECAC2037CC5500DC4255 /* Info.plist */ = {isa = PBXFileReference; lastKnownFileType = text.plist.xml; path = Info.plist; sourceTree = "<group>"; };
		03F5ECD22037E91D00DC4255 /* SearchFooter.swift */ = {isa = PBXFileReference; lastKnownFileType = sourcecode.swift; path = SearchFooter.swift; sourceTree = "<group>"; };
		03F5ECD42037E95500DC4255 /* Theme.swift */ = {isa = PBXFileReference; lastKnownFileType = sourcecode.swift; path = Theme.swift; sourceTree = "<group>"; };
		03F5ECDC20386FAB00DC4255 /* MasterViewController.swift */ = {isa = PBXFileReference; fileEncoding = 4; lastKnownFileType = sourcecode.swift; path = MasterViewController.swift; sourceTree = "<group>"; };
		03F5ECDD20386FAC00DC4255 /* Pokemon.swift */ = {isa = PBXFileReference; fileEncoding = 4; lastKnownFileType = sourcecode.swift; path = Pokemon.swift; sourceTree = "<group>"; };
		03F5ECDE20386FAC00DC4255 /* DetailViewController.swift */ = {isa = PBXFileReference; fileEncoding = 4; lastKnownFileType = sourcecode.swift; path = DetailViewController.swift; sourceTree = "<group>"; };
		03F5ECE92038BC1700DC4255 /* ThirdViewController.swift */ = {isa = PBXFileReference; lastKnownFileType = sourcecode.swift; path = ThirdViewController.swift; sourceTree = "<group>"; };
		12F1FACAC515617D8BA4CAA1 /* Pods-DEXTER.debug.xcconfig */ = {isa = PBXFileReference; includeInIndex = 1; lastKnownFileType = text.xcconfig; name = "Pods-DEXTER.debug.xcconfig"; path = "Pods/Target Support Files/Pods-DEXTER/Pods-DEXTER.debug.xcconfig"; sourceTree = "<group>"; };
		79CD8D2409C51A8511784591 /* Pods_DEXTER.framework */ = {isa = PBXFileReference; explicitFileType = wrapper.framework; includeInIndex = 0; path = Pods_DEXTER.framework; sourceTree = BUILT_PRODUCTS_DIR; };
		C8A971DF3BB99F591B76471A /* Pods-DEXTER.release.xcconfig */ = {isa = PBXFileReference; includeInIndex = 1; lastKnownFileType = text.xcconfig; name = "Pods-DEXTER.release.xcconfig"; path = "Pods/Target Support Files/Pods-DEXTER/Pods-DEXTER.release.xcconfig"; sourceTree = "<group>"; };
/* End PBXFileReference section */

/* Begin PBXFrameworksBuildPhase section */
		03F5EC822037CC5400DC4255 /* Frameworks */ = {
			isa = PBXFrameworksBuildPhase;
			buildActionMask = 2147483647;
			files = (
				A8C2F3B7FD5BE1766CC68C0A /* Pods_DEXTER.framework in Frameworks */,
			);
			runOnlyForDeploymentPostprocessing = 0;
		};
		03F5EC982037CC5500DC4255 /* Frameworks */ = {
			isa = PBXFrameworksBuildPhase;
			buildActionMask = 2147483647;
			files = (
			);
			runOnlyForDeploymentPostprocessing = 0;
		};
		03F5ECA32037CC5500DC4255 /* Frameworks */ = {
			isa = PBXFrameworksBuildPhase;
			buildActionMask = 2147483647;
			files = (
			);
			runOnlyForDeploymentPostprocessing = 0;
		};
/* End PBXFrameworksBuildPhase section */

/* Begin PBXGroup section */
		03F5EC7C2037CC5400DC4255 = {
			isa = PBXGroup;
			children = (
				03F5EC872037CC5400DC4255 /* DEXTER */,
				03F5EC9E2037CC5500DC4255 /* DEXTERTests */,
				03F5ECA92037CC5500DC4255 /* DEXTERUITests */,
				03F5EC862037CC5400DC4255 /* Products */,
				C6A2EFF42B26E8365626CEB5 /* Pods */,
				FF266B46B90F5B25920BF667 /* Frameworks */,
			);
			sourceTree = "<group>";
		};
		03F5EC862037CC5400DC4255 /* Products */ = {
			isa = PBXGroup;
			children = (
				03F5EC852037CC5400DC4255 /* DEXTER.app */,
				03F5EC9B2037CC5500DC4255 /* DEXTERTests.xctest */,
				03F5ECA62037CC5500DC4255 /* DEXTERUITests.xctest */,
			);
			name = Products;
			sourceTree = "<group>";
		};
		03F5EC872037CC5400DC4255 /* DEXTER */ = {
			isa = PBXGroup;
			children = (
				03F40A41203D44E80034C801 /* IJProgressView.swift */,
				03F5ECDC20386FAB00DC4255 /* MasterViewController.swift */,
				03F5ECDE20386FAC00DC4255 /* DetailViewController.swift */,
				03F5ECDD20386FAC00DC4255 /* Pokemon.swift */,
				03F5EC882037CC5400DC4255 /* AppDelegate.swift */,
				03F5EC8A2037CC5400DC4255 /* FirstViewController.swift */,
				03F5EC8C2037CC5400DC4255 /* SecondViewController.swift */,
				03F5EC8E2037CC5400DC4255 /* Main.storyboard */,
				03F5EC912037CC5500DC4255 /* Assets.xcassets */,
				03F5EC932037CC5500DC4255 /* LaunchScreen2.storyboard */,
				03F5EC962037CC5500DC4255 /* Info.plist */,
				03F5ECD22037E91D00DC4255 /* SearchFooter.swift */,
				03F5ECD42037E95500DC4255 /* Theme.swift */,
				03F5ECE92038BC1700DC4255 /* ThirdViewController.swift */,
				03C7458B203B9A27005B7DAA /* Images.xcassets */,
			);
			path = DEXTER;
			sourceTree = "<group>";
		};
		03F5EC9E2037CC5500DC4255 /* DEXTERTests */ = {
			isa = PBXGroup;
			children = (
				03F5EC9F2037CC5500DC4255 /* DEXTERTests.swift */,
				03F5ECA12037CC5500DC4255 /* Info.plist */,
			);
			path = DEXTERTests;
			sourceTree = "<group>";
		};
		03F5ECA92037CC5500DC4255 /* DEXTERUITests */ = {
			isa = PBXGroup;
			children = (
				03F5ECAA2037CC5500DC4255 /* DEXTERUITests.swift */,
				03F5ECAC2037CC5500DC4255 /* Info.plist */,
			);
			path = DEXTERUITests;
			sourceTree = "<group>";
		};
		C6A2EFF42B26E8365626CEB5 /* Pods */ = {
			isa = PBXGroup;
			children = (
				12F1FACAC515617D8BA4CAA1 /* Pods-DEXTER.debug.xcconfig */,
				C8A971DF3BB99F591B76471A /* Pods-DEXTER.release.xcconfig */,
			);
			name = Pods;
			sourceTree = "<group>";
		};
		FF266B46B90F5B25920BF667 /* Frameworks */ = {
			isa = PBXGroup;
			children = (
				79CD8D2409C51A8511784591 /* Pods_DEXTER.framework */,
			);
			name = Frameworks;
			sourceTree = "<group>";
		};
/* End PBXGroup section */

/* Begin PBXNativeTarget section */
		03F5EC842037CC5400DC4255 /* DEXTER */ = {
			isa = PBXNativeTarget;
			buildConfigurationList = 03F5ECAF2037CC5500DC4255 /* Build configuration list for PBXNativeTarget "DEXTER" */;
			buildPhases = (
				D08E457ECBC171701D68C132 /* [CP] Check Pods Manifest.lock */,
				03F5EC812037CC5400DC4255 /* Sources */,
				03F5EC822037CC5400DC4255 /* Frameworks */,
				03F5EC832037CC5400DC4255 /* Resources */,
				D7A01E7B0C37D3F10BC6D6FA /* [CP] Embed Pods Frameworks */,
				841D21A62AD7B29F6FA4187E /* [CP] Copy Pods Resources */,
			);
			buildRules = (
			);
			dependencies = (
			);
			name = DEXTER;
			productName = DEXTER;
			productReference = 03F5EC852037CC5400DC4255 /* DEXTER.app */;
			productType = "com.apple.product-type.application";
		};
		03F5EC9A2037CC5500DC4255 /* DEXTERTests */ = {
			isa = PBXNativeTarget;
			buildConfigurationList = 03F5ECB22037CC5500DC4255 /* Build configuration list for PBXNativeTarget "DEXTERTests" */;
			buildPhases = (
				03F5EC972037CC5500DC4255 /* Sources */,
				03F5EC982037CC5500DC4255 /* Frameworks */,
				03F5EC992037CC5500DC4255 /* Resources */,
			);
			buildRules = (
			);
			dependencies = (
				03F5EC9D2037CC5500DC4255 /* PBXTargetDependency */,
			);
			name = DEXTERTests;
			productName = DEXTERTests;
			productReference = 03F5EC9B2037CC5500DC4255 /* DEXTERTests.xctest */;
			productType = "com.apple.product-type.bundle.unit-test";
		};
		03F5ECA52037CC5500DC4255 /* DEXTERUITests */ = {
			isa = PBXNativeTarget;
			buildConfigurationList = 03F5ECB52037CC5500DC4255 /* Build configuration list for PBXNativeTarget "DEXTERUITests" */;
			buildPhases = (
				03F5ECA22037CC5500DC4255 /* Sources */,
				03F5ECA32037CC5500DC4255 /* Frameworks */,
				03F5ECA42037CC5500DC4255 /* Resources */,
			);
			buildRules = (
			);
			dependencies = (
				03F5ECA82037CC5500DC4255 /* PBXTargetDependency */,
			);
			name = DEXTERUITests;
			productName = DEXTERUITests;
			productReference = 03F5ECA62037CC5500DC4255 /* DEXTERUITests.xctest */;
			productType = "com.apple.product-type.bundle.ui-testing";
		};
/* End PBXNativeTarget section */

/* Begin PBXProject section */
		03F5EC7D2037CC5400DC4255 /* Project object */ = {
			isa = PBXProject;
			attributes = {
				LastSwiftUpdateCheck = 0930;
				LastUpgradeCheck = 0930;
				ORGANIZATIONNAME = "Joshua Miles";
				TargetAttributes = {
					03F5EC842037CC5400DC4255 = {
						CreatedOnToolsVersion = 9.3;
					};
					03F5EC9A2037CC5500DC4255 = {
						CreatedOnToolsVersion = 9.3;
						TestTargetID = 03F5EC842037CC5400DC4255;
					};
					03F5ECA52037CC5500DC4255 = {
						CreatedOnToolsVersion = 9.3;
						TestTargetID = 03F5EC842037CC5400DC4255;
					};
				};
			};
			buildConfigurationList = 03F5EC802037CC5400DC4255 /* Build configuration list for PBXProject "DEXTER" */;
			compatibilityVersion = "Xcode 9.3";
			developmentRegion = en;
			hasScannedForEncodings = 0;
			knownRegions = (
				en,
				Base,
			);
			mainGroup = 03F5EC7C2037CC5400DC4255;
			productRefGroup = 03F5EC862037CC5400DC4255 /* Products */;
			projectDirPath = "";
			projectRoot = "";
			targets = (
				03F5EC842037CC5400DC4255 /* DEXTER */,
				03F5EC9A2037CC5500DC4255 /* DEXTERTests */,
				03F5ECA52037CC5500DC4255 /* DEXTERUITests */,
			);
		};
/* End PBXProject section */

/* Begin PBXResourcesBuildPhase section */
		03F5EC832037CC5400DC4255 /* Resources */ = {
			isa = PBXResourcesBuildPhase;
			buildActionMask = 2147483647;
			files = (
				03F5EC952037CC5500DC4255 /* LaunchScreen2.storyboard in Resources */,
				03F5EC922037CC5500DC4255 /* Assets.xcassets in Resources */,
				03C7458C203B9A27005B7DAA /* Images.xcassets in Resources */,
				03F5EC902037CC5400DC4255 /* Main.storyboard in Resources */,
			);
			runOnlyForDeploymentPostprocessing = 0;
		};
		03F5EC992037CC5500DC4255 /* Resources */ = {
			isa = PBXResourcesBuildPhase;
			buildActionMask = 2147483647;
			files = (
			);
			runOnlyForDeploymentPostprocessing = 0;
		};
		03F5ECA42037CC5500DC4255 /* Resources */ = {
			isa = PBXResourcesBuildPhase;
			buildActionMask = 2147483647;
			files = (
			);
			runOnlyForDeploymentPostprocessing = 0;
		};
/* End PBXResourcesBuildPhase section */

/* Begin PBXShellScriptBuildPhase section */
		841D21A62AD7B29F6FA4187E /* [CP] Copy Pods Resources */ = {
			isa = PBXShellScriptBuildPhase;
			buildActionMask = 2147483647;
			files = (
			);
			inputPaths = (
			);
			name = "[CP] Copy Pods Resources";
			outputPaths = (
			);
			runOnlyForDeploymentPostprocessing = 0;
			shellPath = /bin/sh;
			shellScript = "\"${SRCROOT}/Pods/Target Support Files/Pods-DEXTER/Pods-DEXTER-resources.sh\"\n";
			showEnvVarsInLog = 0;
		};
		D08E457ECBC171701D68C132 /* [CP] Check Pods Manifest.lock */ = {
			isa = PBXShellScriptBuildPhase;
			buildActionMask = 2147483647;
			files = (
			);
			inputPaths = (
				"${PODS_PODFILE_DIR_PATH}/Podfile.lock",
				"${PODS_ROOT}/Manifest.lock",
			);
			name = "[CP] Check Pods Manifest.lock";
			outputPaths = (
				"$(DERIVED_FILE_DIR)/Pods-DEXTER-checkManifestLockResult.txt",
			);
			runOnlyForDeploymentPostprocessing = 0;
			shellPath = /bin/sh;
			shellScript = "diff \"${PODS_PODFILE_DIR_PATH}/Podfile.lock\" \"${PODS_ROOT}/Manifest.lock\" > /dev/null\nif [ $? != 0 ] ; then\n    # print error to STDERR\n    echo \"error: The sandbox is not in sync with the Podfile.lock. Run 'pod install' or update your CocoaPods installation.\" >&2\n    exit 1\nfi\n# This output is used by Xcode 'outputs' to avoid re-running this script phase.\necho \"SUCCESS\" > \"${SCRIPT_OUTPUT_FILE_0}\"\n";
			showEnvVarsInLog = 0;
		};
		D7A01E7B0C37D3F10BC6D6FA /* [CP] Embed Pods Frameworks */ = {
			isa = PBXShellScriptBuildPhase;
			buildActionMask = 2147483647;
			files = (
			);
			inputPaths = (
				"${SRCROOT}/Pods/Target Support Files/Pods-DEXTER/Pods-DEXTER-frameworks.sh",
				"${BUILT_PRODUCTS_DIR}/IJProgressView/IJProgressView.framework",
			);
			name = "[CP] Embed Pods Frameworks";
			outputPaths = (
				"${TARGET_BUILD_DIR}/${FRAMEWORKS_FOLDER_PATH}/IJProgressView.framework",
			);
			runOnlyForDeploymentPostprocessing = 0;
			shellPath = /bin/sh;
			shellScript = "\"${SRCROOT}/Pods/Target Support Files/Pods-DEXTER/Pods-DEXTER-frameworks.sh\"\n";
			showEnvVarsInLog = 0;
		};
/* End PBXShellScriptBuildPhase section */

/* Begin PBXSourcesBuildPhase section */
		03F5EC812037CC5400DC4255 /* Sources */ = {
			isa = PBXSourcesBuildPhase;
			buildActionMask = 2147483647;
			files = (
				03F5ECE120386FAC00DC4255 /* DetailViewController.swift in Sources */,
				03F5ECEA2038BC1700DC4255 /* ThirdViewController.swift in Sources */,
				03F5EC8D2037CC5400DC4255 /* SecondViewController.swift in Sources */,
				03F5EC892037CC5400DC4255 /* AppDelegate.swift in Sources */,
				03F40A42203D44E80034C801 /* IJProgressView.swift in Sources */,
				03F5ECD52037E95500DC4255 /* Theme.swift in Sources */,
				03F5ECE020386FAC00DC4255 /* Pokemon.swift in Sources */,
				03F5ECDF20386FAC00DC4255 /* MasterViewController.swift in Sources */,
				03F5ECD32037E91D00DC4255 /* SearchFooter.swift in Sources */,
				03F5EC8B2037CC5400DC4255 /* FirstViewController.swift in Sources */,
			);
			runOnlyForDeploymentPostprocessing = 0;
		};
		03F5EC972037CC5500DC4255 /* Sources */ = {
			isa = PBXSourcesBuildPhase;
			buildActionMask = 2147483647;
			files = (
				03F5ECA02037CC5500DC4255 /* DEXTERTests.swift in Sources */,
			);
			runOnlyForDeploymentPostprocessing = 0;
		};
		03F5ECA22037CC5500DC4255 /* Sources */ = {
			isa = PBXSourcesBuildPhase;
			buildActionMask = 2147483647;
			files = (
				03F5ECAB2037CC5500DC4255 /* DEXTERUITests.swift in Sources */,
			);
			runOnlyForDeploymentPostprocessing = 0;
		};
/* End PBXSourcesBuildPhase section */

/* Begin PBXTargetDependency section */
		03F5EC9D2037CC5500DC4255 /* PBXTargetDependency */ = {
			isa = PBXTargetDependency;
			target = 03F5EC842037CC5400DC4255 /* DEXTER */;
			targetProxy = 03F5EC9C2037CC5500DC4255 /* PBXContainerItemProxy */;
		};
		03F5ECA82037CC5500DC4255 /* PBXTargetDependency */ = {
			isa = PBXTargetDependency;
			target = 03F5EC842037CC5400DC4255 /* DEXTER */;
			targetProxy = 03F5ECA72037CC5500DC4255 /* PBXContainerItemProxy */;
		};
/* End PBXTargetDependency section */

/* Begin PBXVariantGroup section */
		03F5EC8E2037CC5400DC4255 /* Main.storyboard */ = {
			isa = PBXVariantGroup;
			children = (
				03F5EC8F2037CC5400DC4255 /* Base */,
			);
			name = Main.storyboard;
			sourceTree = "<group>";
		};
		03F5EC932037CC5500DC4255 /* LaunchScreen2.storyboard */ = {
			isa = PBXVariantGroup;
			children = (
				03F5EC942037CC5500DC4255 /* Base */,
			);
			name = LaunchScreen2.storyboard;
			sourceTree = "<group>";
		};
/* End PBXVariantGroup section */

/* Begin XCBuildConfiguration section */
		03F5ECAD2037CC5500DC4255 /* Debug */ = {
			isa = XCBuildConfiguration;
			buildSettings = {
				ALWAYS_SEARCH_USER_PATHS = NO;
				CLANG_ANALYZER_NONNULL = YES;
				CLANG_ANALYZER_NUMBER_OBJECT_CONVERSION = YES_AGGRESSIVE;
				CLANG_CXX_LANGUAGE_STANDARD = "gnu++14";
				CLANG_CXX_LIBRARY = "libc++";
				CLANG_ENABLE_MODULES = YES;
				CLANG_ENABLE_OBJC_ARC = YES;
				CLANG_ENABLE_OBJC_WEAK = YES;
				CLANG_WARN_BLOCK_CAPTURE_AUTORELEASING = YES;
				CLANG_WARN_BOOL_CONVERSION = YES;
				CLANG_WARN_COMMA = YES;
				CLANG_WARN_CONSTANT_CONVERSION = YES;
				CLANG_WARN_DEPRECATED_OBJC_IMPLEMENTATIONS = YES;
				CLANG_WARN_DIRECT_OBJC_ISA_USAGE = YES_ERROR;
				CLANG_WARN_DOCUMENTATION_COMMENTS = YES;
				CLANG_WARN_EMPTY_BODY = YES;
				CLANG_WARN_ENUM_CONVERSION = YES;
				CLANG_WARN_INFINITE_RECURSION = YES;
				CLANG_WARN_INT_CONVERSION = YES;
				CLANG_WARN_NON_LITERAL_NULL_CONVERSION = YES;
				CLANG_WARN_OBJC_IMPLICIT_RETAIN_SELF = YES;
				CLANG_WARN_OBJC_LITERAL_CONVERSION = YES;
				CLANG_WARN_OBJC_ROOT_CLASS = YES_ERROR;
				CLANG_WARN_RANGE_LOOP_ANALYSIS = YES;
				CLANG_WARN_STRICT_PROTOTYPES = YES;
				CLANG_WARN_SUSPICIOUS_MOVE = YES;
				CLANG_WARN_UNGUARDED_AVAILABILITY = YES_AGGRESSIVE;
				CLANG_WARN_UNREACHABLE_CODE = YES;
				CLANG_WARN__DUPLICATE_METHOD_MATCH = YES;
				CODE_SIGN_IDENTITY = "iPhone Developer";
				COPY_PHASE_STRIP = NO;
				DEBUG_INFORMATION_FORMAT = dwarf;
				ENABLE_STRICT_OBJC_MSGSEND = YES;
				ENABLE_TESTABILITY = YES;
				GCC_C_LANGUAGE_STANDARD = gnu11;
				GCC_DYNAMIC_NO_PIC = NO;
				GCC_NO_COMMON_BLOCKS = YES;
				GCC_OPTIMIZATION_LEVEL = 0;
				GCC_PREPROCESSOR_DEFINITIONS = (
					"DEBUG=1",
					"$(inherited)",
				);
				GCC_WARN_64_TO_32_BIT_CONVERSION = YES;
				GCC_WARN_ABOUT_RETURN_TYPE = YES_ERROR;
				GCC_WARN_UNDECLARED_SELECTOR = YES;
				GCC_WARN_UNINITIALIZED_AUTOS = YES_AGGRESSIVE;
				GCC_WARN_UNUSED_FUNCTION = YES;
				GCC_WARN_UNUSED_VARIABLE = YES;
				IPHONEOS_DEPLOYMENT_TARGET = 11.3;
				MTL_ENABLE_DEBUG_INFO = YES;
				ONLY_ACTIVE_ARCH = YES;
				SDKROOT = iphoneos;
				SWIFT_ACTIVE_COMPILATION_CONDITIONS = DEBUG;
				SWIFT_OPTIMIZATION_LEVEL = "-Onone";
			};
			name = Debug;
		};
		03F5ECAE2037CC5500DC4255 /* Release */ = {
			isa = XCBuildConfiguration;
			buildSettings = {
				ALWAYS_SEARCH_USER_PATHS = NO;
				CLANG_ANALYZER_NONNULL = YES;
				CLANG_ANALYZER_NUMBER_OBJECT_CONVERSION = YES_AGGRESSIVE;
				CLANG_CXX_LANGUAGE_STANDARD = "gnu++14";
				CLANG_CXX_LIBRARY = "libc++";
				CLANG_ENABLE_MODULES = YES;
				CLANG_ENABLE_OBJC_ARC = YES;
				CLANG_ENABLE_OBJC_WEAK = YES;
				CLANG_WARN_BLOCK_CAPTURE_AUTORELEASING = YES;
				CLANG_WARN_BOOL_CONVERSION = YES;
				CLANG_WARN_COMMA = YES;
				CLANG_WARN_CONSTANT_CONVERSION = YES;
				CLANG_WARN_DEPRECATED_OBJC_IMPLEMENTATIONS = YES;
				CLANG_WARN_DIRECT_OBJC_ISA_USAGE = YES_ERROR;
				CLANG_WARN_DOCUMENTATION_COMMENTS = YES;
				CLANG_WARN_EMPTY_BODY = YES;
				CLANG_WARN_ENUM_CONVERSION = YES;
				CLANG_WARN_INFINITE_RECURSION = YES;
				CLANG_WARN_INT_CONVERSION = YES;
				CLANG_WARN_NON_LITERAL_NULL_CONVERSION = YES;
				CLANG_WARN_OBJC_IMPLICIT_RETAIN_SELF = YES;
				CLANG_WARN_OBJC_LITERAL_CONVERSION = YES;
				CLANG_WARN_OBJC_ROOT_CLASS = YES_ERROR;
				CLANG_WARN_RANGE_LOOP_ANALYSIS = YES;
				CLANG_WARN_STRICT_PROTOTYPES = YES;
				CLANG_WARN_SUSPICIOUS_MOVE = YES;
				CLANG_WARN_UNGUARDED_AVAILABILITY = YES_AGGRESSIVE;
				CLANG_WARN_UNREACHABLE_CODE = YES;
				CLANG_WARN__DUPLICATE_METHOD_MATCH = YES;
				CODE_SIGN_IDENTITY = "iPhone Developer";
				COPY_PHASE_STRIP = NO;
				DEBUG_INFORMATION_FORMAT = "dwarf-with-dsym";
				ENABLE_NS_ASSERTIONS = NO;
				ENABLE_STRICT_OBJC_MSGSEND = YES;
				GCC_C_LANGUAGE_STANDARD = gnu11;
				GCC_NO_COMMON_BLOCKS = YES;
				GCC_WARN_64_TO_32_BIT_CONVERSION = YES;
				GCC_WARN_ABOUT_RETURN_TYPE = YES_ERROR;
				GCC_WARN_UNDECLARED_SELECTOR = YES;
				GCC_WARN_UNINITIALIZED_AUTOS = YES_AGGRESSIVE;
				GCC_WARN_UNUSED_FUNCTION = YES;
				GCC_WARN_UNUSED_VARIABLE = YES;
				IPHONEOS_DEPLOYMENT_TARGET = 11.3;
				MTL_ENABLE_DEBUG_INFO = NO;
				SDKROOT = iphoneos;
				SWIFT_COMPILATION_MODE = wholemodule;
				SWIFT_OPTIMIZATION_LEVEL = "-O";
				VALIDATE_PRODUCT = YES;
			};
			name = Release;
		};
		03F5ECB02037CC5500DC4255 /* Debug */ = {
			isa = XCBuildConfiguration;
			baseConfigurationReference = 12F1FACAC515617D8BA4CAA1 /* Pods-DEXTER.debug.xcconfig */;
			buildSettings = {
				ASSETCATALOG_COMPILER_APPICON_NAME = AppIcon;
				CODE_SIGN_IDENTITY = "iPhone Developer";
				CODE_SIGN_STYLE = Automatic;
				DEVELOPMENT_TEAM = 6WV4Q5FS5T;
				INFOPLIST_FILE = DEXTER/Info.plist;
				IPHONEOS_DEPLOYMENT_TARGET = 11.0;
				LD_RUNPATH_SEARCH_PATHS = (
					"$(inherited)",
					"@executable_path/Frameworks",
				);
				PRODUCT_BUNDLE_IDENTIFIER = com.joshuamiles.DEXTER;
				PRODUCT_NAME = "$(TARGET_NAME)";
				PROVISIONING_PROFILE_SPECIFIER = "";
				SWIFT_VERSION = 4.0;
				TARGETED_DEVICE_FAMILY = 1;
			};
			name = Debug;
		};
		03F5ECB12037CC5500DC4255 /* Release */ = {
			isa = XCBuildConfiguration;
			baseConfigurationReference = C8A971DF3BB99F591B76471A /* Pods-DEXTER.release.xcconfig */;
			buildSettings = {
				ASSETCATALOG_COMPILER_APPICON_NAME = AppIcon;
				CODE_SIGN_IDENTITY = "iPhone Developer";
				CODE_SIGN_STYLE = Automatic;
				DEVELOPMENT_TEAM = 6WV4Q5FS5T;
				INFOPLIST_FILE = DEXTER/Info.plist;
				IPHONEOS_DEPLOYMENT_TARGET = 11.0;
				LD_RUNPATH_SEARCH_PATHS = (
					"$(inherited)",
					"@executable_path/Frameworks",
				);
				PRODUCT_BUNDLE_IDENTIFIER = com.joshuamiles.DEXTER;
				PRODUCT_NAME = "$(TARGET_NAME)";
				PROVISIONING_PROFILE_SPECIFIER = "";
				SWIFT_VERSION = 4.0;
				TARGETED_DEVICE_FAMILY = 1;
			};
			name = Release;
		};
		03F5ECB32037CC5500DC4255 /* Debug */ = {
			isa = XCBuildConfiguration;
			buildSettings = {
				ALWAYS_EMBED_SWIFT_STANDARD_LIBRARIES = YES;
				BUNDLE_LOADER = "$(TEST_HOST)";
				CODE_SIGN_STYLE = Automatic;
				DEVELOPMENT_TEAM = 6WV4Q5FS5T;
				INFOPLIST_FILE = DEXTERTests/Info.plist;
				LD_RUNPATH_SEARCH_PATHS = (
					"$(inherited)",
					"@executable_path/Frameworks",
					"@loader_path/Frameworks",
				);
				PRODUCT_BUNDLE_IDENTIFIER = JoshuaMiles.DEXTERTests;
				PRODUCT_NAME = "$(TARGET_NAME)";
				SWIFT_VERSION = 4.0;
				TARGETED_DEVICE_FAMILY = "1,2";
				TEST_HOST = "$(BUILT_PRODUCTS_DIR)/DEXTER.app/DEXTER";
			};
			name = Debug;
		};
		03F5ECB42037CC5500DC4255 /* Release */ = {
			isa = XCBuildConfiguration;
			buildSettings = {
				ALWAYS_EMBED_SWIFT_STANDARD_LIBRARIES = YES;
				BUNDLE_LOADER = "$(TEST_HOST)";
				CODE_SIGN_STYLE = Automatic;
				DEVELOPMENT_TEAM = 6WV4Q5FS5T;
				INFOPLIST_FILE = DEXTERTests/Info.plist;
				LD_RUNPATH_SEARCH_PATHS = (
					"$(inherited)",
					"@executable_path/Frameworks",
					"@loader_path/Frameworks",
				);
				PRODUCT_BUNDLE_IDENTIFIER = JoshuaMiles.DEXTERTests;
				PRODUCT_NAME = "$(TARGET_NAME)";
				SWIFT_VERSION = 4.0;
				TARGETED_DEVICE_FAMILY = "1,2";
				TEST_HOST = "$(BUILT_PRODUCTS_DIR)/DEXTER.app/DEXTER";
			};
			name = Release;
		};
		03F5ECB62037CC5500DC4255 /* Debug */ = {
			isa = XCBuildConfiguration;
			buildSettings = {
				ALWAYS_EMBED_SWIFT_STANDARD_LIBRARIES = YES;
				CODE_SIGN_STYLE = Automatic;
				DEVELOPMENT_TEAM = 6WV4Q5FS5T;
				INFOPLIST_FILE = DEXTERUITests/Info.plist;
				LD_RUNPATH_SEARCH_PATHS = (
					"$(inherited)",
					"@executable_path/Frameworks",
					"@loader_path/Frameworks",
				);
				PRODUCT_BUNDLE_IDENTIFIER = JoshuaMiles.DEXTERUITests;
				PRODUCT_NAME = "$(TARGET_NAME)";
				SWIFT_VERSION = 4.0;
				TARGETED_DEVICE_FAMILY = "1,2";
				TEST_TARGET_NAME = DEXTER;
			};
			name = Debug;
		};
		03F5ECB72037CC5500DC4255 /* Release */ = {
			isa = XCBuildConfiguration;
			buildSettings = {
				ALWAYS_EMBED_SWIFT_STANDARD_LIBRARIES = YES;
				CODE_SIGN_STYLE = Automatic;
				DEVELOPMENT_TEAM = 6WV4Q5FS5T;
				INFOPLIST_FILE = DEXTERUITests/Info.plist;
				LD_RUNPATH_SEARCH_PATHS = (
					"$(inherited)",
					"@executable_path/Frameworks",
					"@loader_path/Frameworks",
				);
				PRODUCT_BUNDLE_IDENTIFIER = JoshuaMiles.DEXTERUITests;
				PRODUCT_NAME = "$(TARGET_NAME)";
				SWIFT_VERSION = 4.0;
				TARGETED_DEVICE_FAMILY = "1,2";
				TEST_TARGET_NAME = DEXTER;
			};
			name = Release;
		};
/* End XCBuildConfiguration section */

/* Begin XCConfigurationList section */
		03F5EC802037CC5400DC4255 /* Build configuration list for PBXProject "DEXTER" */ = {
			isa = XCConfigurationList;
			buildConfigurations = (
				03F5ECAD2037CC5500DC4255 /* Debug */,
				03F5ECAE2037CC5500DC4255 /* Release */,
			);
			defaultConfigurationIsVisible = 0;
			defaultConfigurationName = Release;
		};
		03F5ECAF2037CC5500DC4255 /* Build configuration list for PBXNativeTarget "DEXTER" */ = {
			isa = XCConfigurationList;
			buildConfigurations = (
				03F5ECB02037CC5500DC4255 /* Debug */,
				03F5ECB12037CC5500DC4255 /* Release */,
			);
			defaultConfigurationIsVisible = 0;
			defaultConfigurationName = Release;
		};
		03F5ECB22037CC5500DC4255 /* Build configuration list for PBXNativeTarget "DEXTERTests" */ = {
			isa = XCConfigurationList;
			buildConfigurations = (
				03F5ECB32037CC5500DC4255 /* Debug */,
				03F5ECB42037CC5500DC4255 /* Release */,
			);
			defaultConfigurationIsVisible = 0;
			defaultConfigurationName = Release;
		};
		03F5ECB52037CC5500DC4255 /* Build configuration list for PBXNativeTarget "DEXTERUITests" */ = {
			isa = XCConfigurationList;
			buildConfigurations = (
				03F5ECB62037CC5500DC4255 /* Debug */,
				03F5ECB72037CC5500DC4255 /* Release */,
			);
			defaultConfigurationIsVisible = 0;
			defaultConfigurationName = Release;
		};
/* End XCConfigurationList section */
	};
	rootObject = 03F5EC7D2037CC5400DC4255 /* Project object */;
}
